
Microsoft Visual Studio Solution File, Format Version 12.00
# Visual Studio Version 17
VisualStudioVersion = 17.3.32901.215
MinimumVisualStudioVersion = 10.0.40219.1
Project("{FAE04EC0-301F-11D3-BF4B-00C04F79EFBC}") = "Cimforce_HTTP_auto_script", "Cimforce_HTTP_auto_script\Cimforce_HTTP_auto_script.csproj", "{77857022-1E42-44DE-B715-E40035B3F5F4}"
EndProject
Global
	GlobalSection(SolutionConfigurationPlatforms) = preSolution
		Debug|Any CPU = Debug|Any CPU
		Release|Any CPU = Release|Any CPU
	EndGlobalSection
	GlobalSection(ProjectConfigurationPlatforms) = postSolution
		{77857022-1E42-44DE-B715-E40035B3F5F4}.Debug|Any CPU.ActiveCfg = Debug|Any CPU
		{77857022-1E42-44DE-B715-E40035B3F5F4}.Debug|Any CPU.Build.0 = Debug|Any CPU
		{77857022-1E42-44DE-B715-E40035B3F5F4}.Release|Any CPU.ActiveCfg = Release|Any CPU
		{77857022-1E42-44DE-B715-E40035B3F5F4}.Release|Any CPU.Build.0 = Release|Any CPU
	EndGlobalSection
	GlobalSection(SolutionProperties) = preSolution
		HideSolutionNode = FALSE
	EndGlobalSection
	GlobalSection(ExtensibilityGlobals) = postSolution
		SolutionGuid = {D28B644E-7588-4B0D-ACD9-2CCF8F0F5D8C}
	EndGlobalSection
EndGlobal
